// !$*UTF8*$!
{
	archiveVersion = 1;
	classes = {
	};
	objectVersion = 48;
	objects = {

/* Begin PBXBuildFile section */
		B553EAB0210FAD8100633713 /* AppDelegate.swift in Sources */ = {isa = PBXBuildFile; fileRef = B553EAAF210FAD8100633713 /* AppDelegate.swift */; };
		B553EAB2210FAD8100633713 /* SomethingListViewController.swift in Sources */ = {isa = PBXBuildFile; fileRef = B553EAB1210FAD8100633713 /* SomethingListViewController.swift */; };
		B553EAB5210FAD8100633713 /* Main.storyboard in Resources */ = {isa = PBXBuildFile; fileRef = B553EAB3210FAD8100633713 /* Main.storyboard */; };
		B553EAB7210FAD8100633713 /* Assets.xcassets in Resources */ = {isa = PBXBuildFile; fileRef = B553EAB6210FAD8100633713 /* Assets.xcassets */; };
		B553EABA210FAD8100633713 /* LaunchScreen.storyboard in Resources */ = {isa = PBXBuildFile; fileRef = B553EAB8210FAD8100633713 /* LaunchScreen.storyboard */; };
		B553EAC8210FB2DF00633713 /* SomethingListPresenter.swift in Sources */ = {isa = PBXBuildFile; fileRef = B553EAC7210FB2DF00633713 /* SomethingListPresenter.swift */; };
		B553EACA210FB3FD00633713 /* SomethingListInteractor.swift in Sources */ = {isa = PBXBuildFile; fileRef = B553EAC9210FB3FD00633713 /* SomethingListInteractor.swift */; };
		B553EACC210FB43E00633713 /* Something.swift in Sources */ = {isa = PBXBuildFile; fileRef = B553EACB210FB43E00633713 /* Something.swift */; };
		B5FCFD132110C8D900C4D783 /* DetailViewController.swift in Sources */ = {isa = PBXBuildFile; fileRef = B5FCFD122110C8D900C4D783 /* DetailViewController.swift */; };
		B5FCFD152110CA8C00C4D783 /* SomethingListWireframe.swift in Sources */ = {isa = PBXBuildFile; fileRef = B5FCFD142110CA8C00C4D783 /* SomethingListWireframe.swift */; };
		B5FCFD1D2110CC9100C4D783 /* DetailSomethingPresenter.swift in Sources */ = {isa = PBXBuildFile; fileRef = B5FCFD1C2110CC9100C4D783 /* DetailSomethingPresenter.swift */; };
/* End PBXBuildFile section */

/* Begin PBXFileReference section */
		B553EAAC210FAD8100633713 /* Classic VIPER.app */ = {isa = PBXFileReference; explicitFileType = wrapper.application; includeInIndex = 0; path = "Classic VIPER.app"; sourceTree = BUILT_PRODUCTS_DIR; };
		B553EAAF210FAD8100633713 /* AppDelegate.swift */ = {isa = PBXFileReference; lastKnownFileType = sourcecode.swift; path = AppDelegate.swift; sourceTree = "<group>"; };
		B553EAB1210FAD8100633713 /* SomethingListViewController.swift */ = {isa = PBXFileReference; lastKnownFileType = sourcecode.swift; path = SomethingListViewController.swift; sourceTree = "<group>"; };
		B553EAB4210FAD8100633713 /* Base */ = {isa = PBXFileReference; lastKnownFileType = file.storyboard; name = Base; path = Base.lproj/Main.storyboard; sourceTree = "<group>"; };
		B553EAB6210FAD8100633713 /* Assets.xcassets */ = {isa = PBXFileReference; lastKnownFileType = folder.assetcatalog; path = Assets.xcassets; sourceTree = "<group>"; };
		B553EAB9210FAD8100633713 /* Base */ = {isa = PBXFileReference; lastKnownFileType = file.storyboard; name = Base; path = Base.lproj/LaunchScreen.storyboard; sourceTree = "<group>"; };
		B553EABB210FAD8100633713 /* Info.plist */ = {isa = PBXFileReference; lastKnownFileType = text.plist.xml; path = Info.plist; sourceTree = "<group>"; };
		B553EAC7210FB2DF00633713 /* SomethingListPresenter.swift */ = {isa = PBXFileReference; lastKnownFileType = sourcecode.swift; path = SomethingListPresenter.swift; sourceTree = "<group>"; };
		B553EAC9210FB3FD00633713 /* SomethingListInteractor.swift */ = {isa = PBXFileReference; lastKnownFileType = sourcecode.swift; path = SomethingListInteractor.swift; sourceTree = "<group>"; };
		B553EACB210FB43E00633713 /* Something.swift */ = {isa = PBXFileReference; lastKnownFileType = sourcecode.swift; path = Something.swift; sourceTree = "<group>"; };
		B5FCFD122110C8D900C4D783 /* DetailViewController.swift */ = {isa = PBXFileReference; lastKnownFileType = sourcecode.swift; path = DetailViewController.swift; sourceTree = "<group>"; };
		B5FCFD142110CA8C00C4D783 /* SomethingListWireframe.swift */ = {isa = PBXFileReference; lastKnownFileType = sourcecode.swift; path = SomethingListWireframe.swift; sourceTree = "<group>"; };
		B5FCFD1C2110CC9100C4D783 /* DetailSomethingPresenter.swift */ = {isa = PBXFileReference; lastKnownFileType = sourcecode.swift; path = DetailSomethingPresenter.swift; sourceTree = "<group>"; };
/* End PBXFileReference section */

/* Begin PBXFrameworksBuildPhase section */
		B553EAA9210FAD8100633713 /* Frameworks */ = {
			isa = PBXFrameworksBuildPhase;
			buildActionMask = 2147483647;
			files = (
			);
			runOnlyForDeploymentPostprocessing = 0;
		};
/* End PBXFrameworksBuildPhase section */

/* Begin PBXGroup section */
		B553EAA3210FAD8100633713 = {
			isa = PBXGroup;
			children = (
				B553EAAE210FAD8100633713 /* Classic VIPER */,
				B553EAAD210FAD8100633713 /* Products */,
			);
			sourceTree = "<group>";
		};
		B553EAAD210FAD8100633713 /* Products */ = {
			isa = PBXGroup;
			children = (
				B553EAAC210FAD8100633713 /* Classic VIPER.app */,
			);
			name = Products;
			sourceTree = "<group>";
		};
		B553EAAE210FAD8100633713 /* Classic VIPER */ = {
			isa = PBXGroup;
			children = (
				B553EAAF210FAD8100633713 /* AppDelegate.swift */,
				B553EAC1210FB06B00633713 /* List Module */,
				B5FCFD162110CC3F00C4D783 /* Detail Module */,
				B553EAB6210FAD8100633713 /* Assets.xcassets */,
				B553EAB3210FAD8100633713 /* Main.storyboard */,
				B553EAB8210FAD8100633713 /* LaunchScreen.storyboard */,
				B553EABB210FAD8100633713 /* Info.plist */,
			);
			path = "Classic VIPER";
			sourceTree = "<group>";
		};
		B553EAC1210FB06B00633713 /* List Module */ = {
			isa = PBXGroup;
			children = (
				B553EAC2210FB07800633713 /* View */,
				B553EAC3210FB07E00633713 /* Interactor */,
				B553EAC4210FB16300633713 /* Presenter */,
				B553EAC5210FB16B00633713 /* Entity */,
				B553EAC6210FB1AD00633713 /* Router */,
			);
			path = "List Module";
			sourceTree = "<group>";
		};
		B553EAC2210FB07800633713 /* View */ = {
			isa = PBXGroup;
			children = (
				B553EAB1210FAD8100633713 /* SomethingListViewController.swift */,
			);
			path = View;
			sourceTree = "<group>";
		};
		B553EAC3210FB07E00633713 /* Interactor */ = {
			isa = PBXGroup;
			children = (
				B553EAC9210FB3FD00633713 /* SomethingListInteractor.swift */,
			);
			path = Interactor;
			sourceTree = "<group>";
		};
		B553EAC4210FB16300633713 /* Presenter */ = {
			isa = PBXGroup;
			children = (
				B553EAC7210FB2DF00633713 /* SomethingListPresenter.swift */,
			);
			path = Presenter;
			sourceTree = "<group>";
		};
		B553EAC5210FB16B00633713 /* Entity */ = {
			isa = PBXGroup;
			children = (
				B553EACB210FB43E00633713 /* Something.swift */,
			);
			path = Entity;
			sourceTree = "<group>";
		};
		B553EAC6210FB1AD00633713 /* Router */ = {
			isa = PBXGroup;
			children = (
				B5FCFD142110CA8C00C4D783 /* SomethingListWireframe.swift */,
			);
			path = Router;
			sourceTree = "<group>";
		};
		B5FCFD162110CC3F00C4D783 /* Detail Module */ = {
			isa = PBXGroup;
			children = (
				B5FCFD1B2110CC7500C4D783 /* Router */,
				B5FCFD1A2110CC6E00C4D783 /* Entity */,
				B5FCFD192110CC6800C4D783 /* Presenter */,
				B5FCFD182110CC6000C4D783 /* Interactor */,
				B5FCFD172110CC5600C4D783 /* View */,
			);
			path = "Detail Module";
			sourceTree = "<group>";
		};
		B5FCFD172110CC5600C4D783 /* View */ = {
			isa = PBXGroup;
			children = (
				B5FCFD122110C8D900C4D783 /* DetailViewController.swift */,
			);
			path = View;
			sourceTree = "<group>";
		};
		B5FCFD182110CC6000C4D783 /* Interactor */ = {
			isa = PBXGroup;
			children = (
			);
			path = Interactor;
			sourceTree = "<group>";
		};
		B5FCFD192110CC6800C4D783 /* Presenter */ = {
			isa = PBXGroup;
			children = (
				B5FCFD1C2110CC9100C4D783 /* DetailSomethingPresenter.swift */,
			);
			path = Presenter;
			sourceTree = "<group>";
		};
		B5FCFD1A2110CC6E00C4D783 /* Entity */ = {
			isa = PBXGroup;
			children = (
			);
			path = Entity;
			sourceTree = "<group>";
		};
		B5FCFD1B2110CC7500C4D783 /* Router */ = {
			isa = PBXGroup;
			children = (
			);
			path = Router;
			sourceTree = "<group>";
		};
/* End PBXGroup section */

/* Begin PBXNativeTarget section */
		B553EAAB210FAD8100633713 /* Classic VIPER */ = {
			isa = PBXNativeTarget;
			buildConfigurationList = B553EABE210FAD8100633713 /* Build configuration list for PBXNativeTarget "Classic VIPER" */;
			buildPhases = (
				B553EAA8210FAD8100633713 /* Sources */,
				B553EAA9210FAD8100633713 /* Frameworks */,
				B553EAAA210FAD8100633713 /* Resources */,
			);
			buildRules = (
			);
			dependencies = (
			);
			name = "Classic VIPER";
			productName = "Classic VIPER";
			productReference = B553EAAC210FAD8100633713 /* Classic VIPER.app */;
			productType = "com.apple.product-type.application";
		};
/* End PBXNativeTarget section */

/* Begin PBXProject section */
		B553EAA4210FAD8100633713 /* Project object */ = {
			isa = PBXProject;
			attributes = {
				LastSwiftUpdateCheck = 0920;
				LastUpgradeCheck = 0920;
				ORGANIZATIONNAME = Thufik;
				TargetAttributes = {
					B553EAAB210FAD8100633713 = {
						CreatedOnToolsVersion = 9.2;
						ProvisioningStyle = Automatic;
					};
				};
			};
			buildConfigurationList = B553EAA7210FAD8100633713 /* Build configuration list for PBXProject "Classic VIPER" */;
			compatibilityVersion = "Xcode 8.0";
			developmentRegion = en;
			hasScannedForEncodings = 0;
			knownRegions = (
				en,
				Base,
			);
			mainGroup = B553EAA3210FAD8100633713;
			productRefGroup = B553EAAD210FAD8100633713 /* Products */;
			projectDirPath = "";
			projectRoot = "";
			targets = (
				B553EAAB210FAD8100633713 /* Classic VIPER */,
			);
		};
/* End PBXProject section */

/* Begin PBXResourcesBuildPhase section */
		B553EAAA210FAD8100633713 /* Resources */ = {
			isa = PBXResourcesBuildPhase;
			buildActionMask = 2147483647;
			files = (
				B553EABA210FAD8100633713 /* LaunchScreen.storyboard in Resources */,
				B553EAB7210FAD8100633713 /* Assets.xcassets in Resources */,
				B553EAB5210FAD8100633713 /* Main.storyboard in Resources */,
			);
			runOnlyForDeploymentPostprocessing = 0;
		};
/* End PBXResourcesBuildPhase section */

/* Begin PBXSourcesBuildPhase section */
		B553EAA8210FAD8100633713 /* Sources */ = {
			isa = PBXSourcesBuildPhase;
			buildActionMask = 2147483647;
			files = (
				B553EAB2210FAD8100633713 /* SomethingListViewController.swift in Sources */,
				B553EACA210FB3FD00633713 /* SomethingListInteractor.swift in Sources */,
				B5FCFD1D2110CC9100C4D783 /* DetailSomethingPresenter.swift in Sources */,
				B553EACC210FB43E00633713 /* Something.swift in Sources */,
				B5FCFD132110C8D900C4D783 /* DetailViewController.swift in Sources */,
				B5FCFD152110CA8C00C4D783 /* SomethingListWireframe.swift in Sources */,
				B553EAB0210FAD8100633713 /* AppDelegate.swift in Sources */,
				B553EAC8210FB2DF00633713 /* SomethingListPresenter.swift in Sources */,
			);
			runOnlyForDeploymentPostprocessing = 0;
		};
/* End PBXSourcesBuildPhase section */

/* Begin PBXVariantGroup section */
		B553EAB3210FAD8100633713 /* Main.storyboard */ = {
			isa = PBXVariantGroup;
			children = (
				B553EAB4210FAD8100633713 /* Base */,
			);
			name = Main.storyboard;
			sourceTree = "<group>";
		};
		B553EAB8210FAD8100633713 /* LaunchScreen.storyboard */ = {
			isa = PBXVariantGroup;
			children = (
				B553EAB9210FAD8100633713 /* Base */,
			);
			name = LaunchScreen.storyboard;
			sourceTree = "<group>";
		};
/* End PBXVariantGroup section */

/* Begin XCBuildConfiguration section */
		B553EABC210FAD8100633713 /* Debug */ = {
			isa = XCBuildConfiguration;
			buildSettings = {
				ALWAYS_SEARCH_USER_PATHS = NO;
				CLANG_ANALYZER_NONNULL = YES;
				CLANG_ANALYZER_NUMBER_OBJECT_CONVERSION = YES_AGGRESSIVE;
				CLANG_CXX_LANGUAGE_STANDARD = "gnu++14";
				CLANG_CXX_LIBRARY = "libc++";
				CLANG_ENABLE_MODULES = YES;
				CLANG_ENABLE_OBJC_ARC = YES;
				CLANG_WARN_BLOCK_CAPTURE_AUTORELEASING = YES;
				CLANG_WARN_BOOL_CONVERSION = YES;
				CLANG_WARN_COMMA = YES;
				CLANG_WARN_CONSTANT_CONVERSION = YES;
				CLANG_WARN_DIRECT_OBJC_ISA_USAGE = YES_ERROR;
				CLANG_WARN_DOCUMENTATION_COMMENTS = YES;
				CLANG_WARN_EMPTY_BODY = YES;
				CLANG_WARN_ENUM_CONVERSION = YES;
				CLANG_WARN_INFINITE_RECURSION = YES;
				CLANG_WARN_INT_CONVERSION = YES;
				CLANG_WARN_NON_LITERAL_NULL_CONVERSION = YES;
				CLANG_WARN_OBJC_LITERAL_CONVERSION = YES;
				CLANG_WARN_OBJC_ROOT_CLASS = YES_ERROR;
				CLANG_WARN_RANGE_LOOP_ANALYSIS = YES;
				CLANG_WARN_STRICT_PROTOTYPES = YES;
				CLANG_WARN_SUSPICIOUS_MOVE = YES;
				CLANG_WARN_UNGUARDED_AVAILABILITY = YES_AGGRESSIVE;
				CLANG_WARN_UNREACHABLE_CODE = YES;
				CLANG_WARN__DUPLICATE_METHOD_MATCH = YES;
				CODE_SIGN_IDENTITY = "iPhone Developer";
				COPY_PHASE_STRIP = NO;
				DEBUG_INFORMATION_FORMAT = dwarf;
				ENABLE_STRICT_OBJC_MSGSEND = YES;
				ENABLE_TESTABILITY = YES;
				GCC_C_LANGUAGE_STANDARD = gnu11;
				GCC_DYNAMIC_NO_PIC = NO;
				GCC_NO_COMMON_BLOCKS = YES;
				GCC_OPTIMIZATION_LEVEL = 0;
				GCC_PREPROCESSOR_DEFINITIONS = (
					"DEBUG=1",
					"$(inherited)",
				);
				GCC_WARN_64_TO_32_BIT_CONVERSION = YES;
				GCC_WARN_ABOUT_RETURN_TYPE = YES_ERROR;
				GCC_WARN_UNDECLARED_SELECTOR = YES;
				GCC_WARN_UNINITIALIZED_AUTOS = YES_AGGRESSIVE;
				GCC_WARN_UNUSED_FUNCTION = YES;
				GCC_WARN_UNUSED_VARIABLE = YES;
				IPHONEOS_DEPLOYMENT_TARGET = 11.2;
				MTL_ENABLE_DEBUG_INFO = YES;
				ONLY_ACTIVE_ARCH = YES;
				SDKROOT = iphoneos;
				SWIFT_ACTIVE_COMPILATION_CONDITIONS = DEBUG;
				SWIFT_OPTIMIZATION_LEVEL = "-Onone";
			};
			name = Debug;
		};
		B553EABD210FAD8100633713 /* Release */ = {
			isa = XCBuildConfiguration;
			buildSettings = {
				ALWAYS_SEARCH_USER_PATHS = NO;
				CLANG_ANALYZER_NONNULL = YES;
				CLANG_ANALYZER_NUMBER_OBJECT_CONVERSION = YES_AGGRESSIVE;
				CLANG_CXX_LANGUAGE_STANDARD = "gnu++14";
				CLANG_CXX_LIBRARY = "libc++";
				CLANG_ENABLE_MODULES = YES;
				CLANG_ENABLE_OBJC_ARC = YES;
				CLANG_WARN_BLOCK_CAPTURE_AUTORELEASING = YES;
				CLANG_WARN_BOOL_CONVERSION = YES;
				CLANG_WARN_COMMA = YES;
				CLANG_WARN_CONSTANT_CONVERSION = YES;
				CLANG_WARN_DIRECT_OBJC_ISA_USAGE = YES_ERROR;
				CLANG_WARN_DOCUMENTATION_COMMENTS = YES;
				CLANG_WARN_EMPTY_BODY = YES;
				CLANG_WARN_ENUM_CONVERSION = YES;
				CLANG_WARN_INFINITE_RECURSION = YES;
				CLANG_WARN_INT_CONVERSION = YES;
				CLANG_WARN_NON_LITERAL_NULL_CONVERSION = YES;
				CLANG_WARN_OBJC_LITERAL_CONVERSION = YES;
				CLANG_WARN_OBJC_ROOT_CLASS = YES_ERROR;
				CLANG_WARN_RANGE_LOOP_ANALYSIS = YES;
				CLANG_WARN_STRICT_PROTOTYPES = YES;
				CLANG_WARN_SUSPICIOUS_MOVE = YES;
				CLANG_WARN_UNGUARDED_AVAILABILITY = YES_AGGRESSIVE;
				CLANG_WARN_UNREACHABLE_CODE = YES;
				CLANG_WARN__DUPLICATE_METHOD_MATCH = YES;
				CODE_SIGN_IDENTITY = "iPhone Developer";
				COPY_PHASE_STRIP = NO;
				DEBUG_INFORMATION_FORMAT = "dwarf-with-dsym";
				ENABLE_NS_ASSERTIONS = NO;
				ENABLE_STRICT_OBJC_MSGSEND = YES;
				GCC_C_LANGUAGE_STANDARD = gnu11;
				GCC_NO_COMMON_BLOCKS = YES;
				GCC_WARN_64_TO_32_BIT_CONVERSION = YES;
				GCC_WARN_ABOUT_RETURN_TYPE = YES_ERROR;
				GCC_WARN_UNDECLARED_SELECTOR = YES;
				GCC_WARN_UNINITIALIZED_AUTOS = YES_AGGRESSIVE;
				GCC_WARN_UNUSED_FUNCTION = YES;
				GCC_WARN_UNUSED_VARIABLE = YES;
				IPHONEOS_DEPLOYMENT_TARGET = 11.2;
				MTL_ENABLE_DEBUG_INFO = NO;
				SDKROOT = iphoneos;
				SWIFT_OPTIMIZATION_LEVEL = "-Owholemodule";
				VALIDATE_PRODUCT = YES;
			};
			name = Release;
		};
		B553EABF210FAD8100633713 /* Debug */ = {
			isa = XCBuildConfiguration;
			buildSettings = {
				ASSETCATALOG_COMPILER_APPICON_NAME = AppIcon;
				CODE_SIGN_STYLE = Automatic;
				DEVELOPMENT_TEAM = 2T9344DJMW;
				INFOPLIST_FILE = "Classic VIPER/Info.plist";
				LD_RUNPATH_SEARCH_PATHS = "$(inherited) @executable_path/Frameworks";
				PRODUCT_BUNDLE_IDENTIFIER = "Thufik.Classic-VIPER";
				PRODUCT_NAME = "$(TARGET_NAME)";
				SWIFT_VERSION = 4.0;
				TARGETED_DEVICE_FAMILY = "1,2";
			};
			name = Debug;
		};
		B553EAC0210FAD8100633713 /* Release */ = {
			isa = XCBuildConfiguration;
			buildSettings = {
				ASSETCATALOG_COMPILER_APPICON_NAME = AppIcon;
				CODE_SIGN_STYLE = Automatic;
				DEVELOPMENT_TEAM = 2T9344DJMW;
				INFOPLIST_FILE = "Classic VIPER/Info.plist";
				LD_RUNPATH_SEARCH_PATHS = "$(inherited) @executable_path/Frameworks";
				PRODUCT_BUNDLE_IDENTIFIER = "Thufik.Classic-VIPER";
				PRODUCT_NAME = "$(TARGET_NAME)";
				SWIFT_VERSION = 4.0;
				TARGETED_DEVICE_FAMILY = "1,2";
			};
			name = Release;
		};
/* End XCBuildConfiguration section */

/* Begin XCConfigurationList section */
		B553EAA7210FAD8100633713 /* Build configuration list for PBXProject "Classic VIPER" */ = {
			isa = XCConfigurationList;
			buildConfigurations = (
				B553EABC210FAD8100633713 /* Debug */,
				B553EABD210FAD8100633713 /* Release */,
			);
			defaultConfigurationIsVisible = 0;
			defaultConfigurationName = Release;
		};
		B553EABE210FAD8100633713 /* Build configuration list for PBXNativeTarget "Classic VIPER" */ = {
			isa = XCConfigurationList;
			buildConfigurations = (
				B553EABF210FAD8100633713 /* Debug */,
				B553EAC0210FAD8100633713 /* Release */,
			);
			defaultConfigurationIsVisible = 0;
			defaultConfigurationName = Release;
		};
/* End XCConfigurationList section */
	};
	rootObject = B553EAA4210FAD8100633713 /* Project object */;
}
